// !$*UTF8*$!
{
	archiveVersion = 1;
	classes = {
	};
	objectVersion = 50;
	objects = {

/* Begin PBXBuildFile section */
		6CE693AD24A5B05500D7A2E2 /* AppDelegate.swift in Sources */ = {isa = PBXBuildFile; fileRef = 6CE693AC24A5B05500D7A2E2 /* AppDelegate.swift */; };
		6CE693AF24A5B05500D7A2E2 /* SceneDelegate.swift in Sources */ = {isa = PBXBuildFile; fileRef = 6CE693AE24A5B05500D7A2E2 /* SceneDelegate.swift */; };
		6CE693B124A5B05500D7A2E2 /* ViewController.swift in Sources */ = {isa = PBXBuildFile; fileRef = 6CE693B024A5B05500D7A2E2 /* ViewController.swift */; };
		6CE693B424A5B05500D7A2E2 /* Main.storyboard in Resources */ = {isa = PBXBuildFile; fileRef = 6CE693B224A5B05500D7A2E2 /* Main.storyboard */; };
		6CE693B624A5B05600D7A2E2 /* Assets.xcassets in Resources */ = {isa = PBXBuildFile; fileRef = 6CE693B524A5B05600D7A2E2 /* Assets.xcassets */; };
		6CE693B924A5B05600D7A2E2 /* LaunchScreen.storyboard in Resources */ = {isa = PBXBuildFile; fileRef = 6CE693B724A5B05600D7A2E2 /* LaunchScreen.storyboard */; };
		6CE693C424A5B05700D7A2E2 /* Crown_FitnessTests.swift in Sources */ = {isa = PBXBuildFile; fileRef = 6CE693C324A5B05700D7A2E2 /* Crown_FitnessTests.swift */; };
		6CE693CF24A5B05700D7A2E2 /* Crown_FitnessUITests.swift in Sources */ = {isa = PBXBuildFile; fileRef = 6CE693CE24A5B05700D7A2E2 /* Crown_FitnessUITests.swift */; };
/* End PBXBuildFile section */

/* Begin PBXContainerItemProxy section */
		6CE693C024A5B05700D7A2E2 /* PBXContainerItemProxy */ = {
			isa = PBXContainerItemProxy;
			containerPortal = 6CE693A124A5B05500D7A2E2 /* Project object */;
			proxyType = 1;
			remoteGlobalIDString = 6CE693A824A5B05500D7A2E2;
			remoteInfo = "Crown Fitness";
		};
		6CE693CB24A5B05700D7A2E2 /* PBXContainerItemProxy */ = {
			isa = PBXContainerItemProxy;
			containerPortal = 6CE693A124A5B05500D7A2E2 /* Project object */;
			proxyType = 1;
			remoteGlobalIDString = 6CE693A824A5B05500D7A2E2;
			remoteInfo = "Crown Fitness";
		};
/* End PBXContainerItemProxy section */

/* Begin PBXFileReference section */
		6CE693A924A5B05500D7A2E2 /* Crown Fitness.app */ = {isa = PBXFileReference; explicitFileType = wrapper.application; includeInIndex = 0; path = "Crown Fitness.app"; sourceTree = BUILT_PRODUCTS_DIR; };
		6CE693AC24A5B05500D7A2E2 /* AppDelegate.swift */ = {isa = PBXFileReference; lastKnownFileType = sourcecode.swift; path = AppDelegate.swift; sourceTree = "<group>"; };
		6CE693AE24A5B05500D7A2E2 /* SceneDelegate.swift */ = {isa = PBXFileReference; lastKnownFileType = sourcecode.swift; path = SceneDelegate.swift; sourceTree = "<group>"; };
		6CE693B024A5B05500D7A2E2 /* ViewController.swift */ = {isa = PBXFileReference; lastKnownFileType = sourcecode.swift; path = ViewController.swift; sourceTree = "<group>"; };
		6CE693B324A5B05500D7A2E2 /* Base */ = {isa = PBXFileReference; lastKnownFileType = file.storyboard; name = Base; path = Base.lproj/Main.storyboard; sourceTree = "<group>"; };
		6CE693B524A5B05600D7A2E2 /* Assets.xcassets */ = {isa = PBXFileReference; lastKnownFileType = folder.assetcatalog; path = Assets.xcassets; sourceTree = "<group>"; };
		6CE693B824A5B05600D7A2E2 /* Base */ = {isa = PBXFileReference; lastKnownFileType = file.storyboard; name = Base; path = Base.lproj/LaunchScreen.storyboard; sourceTree = "<group>"; };
		6CE693BA24A5B05700D7A2E2 /* Info.plist */ = {isa = PBXFileReference; lastKnownFileType = text.plist.xml; path = Info.plist; sourceTree = "<group>"; };
		6CE693BF24A5B05700D7A2E2 /* Crown FitnessTests.xctest */ = {isa = PBXFileReference; explicitFileType = wrapper.cfbundle; includeInIndex = 0; path = "Crown FitnessTests.xctest"; sourceTree = BUILT_PRODUCTS_DIR; };
		6CE693C324A5B05700D7A2E2 /* Crown_FitnessTests.swift */ = {isa = PBXFileReference; lastKnownFileType = sourcecode.swift; path = Crown_FitnessTests.swift; sourceTree = "<group>"; };
		6CE693C524A5B05700D7A2E2 /* Info.plist */ = {isa = PBXFileReference; lastKnownFileType = text.plist.xml; path = Info.plist; sourceTree = "<group>"; };
		6CE693CA24A5B05700D7A2E2 /* Crown FitnessUITests.xctest */ = {isa = PBXFileReference; explicitFileType = wrapper.cfbundle; includeInIndex = 0; path = "Crown FitnessUITests.xctest"; sourceTree = BUILT_PRODUCTS_DIR; };
		6CE693CE24A5B05700D7A2E2 /* Crown_FitnessUITests.swift */ = {isa = PBXFileReference; lastKnownFileType = sourcecode.swift; path = Crown_FitnessUITests.swift; sourceTree = "<group>"; };
		6CE693D024A5B05700D7A2E2 /* Info.plist */ = {isa = PBXFileReference; lastKnownFileType = text.plist.xml; path = Info.plist; sourceTree = "<group>"; };
/* End PBXFileReference section */

/* Begin PBXFrameworksBuildPhase section */
		6CE693A624A5B05500D7A2E2 /* Frameworks */ = {
			isa = PBXFrameworksBuildPhase;
			buildActionMask = 2147483647;
			files = (
			);
			runOnlyForDeploymentPostprocessing = 0;
		};
		6CE693BC24A5B05700D7A2E2 /* Frameworks */ = {
			isa = PBXFrameworksBuildPhase;
			buildActionMask = 2147483647;
			files = (
			);
			runOnlyForDeploymentPostprocessing = 0;
		};
		6CE693C724A5B05700D7A2E2 /* Frameworks */ = {
			isa = PBXFrameworksBuildPhase;
			buildActionMask = 2147483647;
			files = (
			);
			runOnlyForDeploymentPostprocessing = 0;
		};
/* End PBXFrameworksBuildPhase section */

/* Begin PBXGroup section */
		6CE693A024A5B05500D7A2E2 = {
			isa = PBXGroup;
			children = (
				6CE693AB24A5B05500D7A2E2 /* Crown Fitness */,
				6CE693C224A5B05700D7A2E2 /* Crown FitnessTests */,
				6CE693CD24A5B05700D7A2E2 /* Crown FitnessUITests */,
				6CE693AA24A5B05500D7A2E2 /* Products */,
			);
			sourceTree = "<group>";
		};
		6CE693AA24A5B05500D7A2E2 /* Products */ = {
			isa = PBXGroup;
			children = (
				6CE693A924A5B05500D7A2E2 /* Crown Fitness.app */,
				6CE693BF24A5B05700D7A2E2 /* Crown FitnessTests.xctest */,
				6CE693CA24A5B05700D7A2E2 /* Crown FitnessUITests.xctest */,
			);
			name = Products;
			sourceTree = "<group>";
		};
		6CE693AB24A5B05500D7A2E2 /* Crown Fitness */ = {
			isa = PBXGroup;
			children = (
				6CE693AC24A5B05500D7A2E2 /* AppDelegate.swift */,
				6CE693AE24A5B05500D7A2E2 /* SceneDelegate.swift */,
				6CE693B024A5B05500D7A2E2 /* ViewController.swift */,
				6CE693B224A5B05500D7A2E2 /* Main.storyboard */,
				6CE693B524A5B05600D7A2E2 /* Assets.xcassets */,
				6CE693B724A5B05600D7A2E2 /* LaunchScreen.storyboard */,
				6CE693BA24A5B05700D7A2E2 /* Info.plist */,
			);
			path = "Crown Fitness";
			sourceTree = "<group>";
		};
		6CE693C224A5B05700D7A2E2 /* Crown FitnessTests */ = {
			isa = PBXGroup;
			children = (
				6CE693C324A5B05700D7A2E2 /* Crown_FitnessTests.swift */,
				6CE693C524A5B05700D7A2E2 /* Info.plist */,
			);
			path = "Crown FitnessTests";
			sourceTree = "<group>";
		};
		6CE693CD24A5B05700D7A2E2 /* Crown FitnessUITests */ = {
			isa = PBXGroup;
			children = (
				6CE693CE24A5B05700D7A2E2 /* Crown_FitnessUITests.swift */,
				6CE693D024A5B05700D7A2E2 /* Info.plist */,
			);
			path = "Crown FitnessUITests";
			sourceTree = "<group>";
		};
/* End PBXGroup section */

/* Begin PBXNativeTarget section */
		6CE693A824A5B05500D7A2E2 /* Crown Fitness */ = {
			isa = PBXNativeTarget;
			buildConfigurationList = 6CE693D324A5B05700D7A2E2 /* Build configuration list for PBXNativeTarget "Crown Fitness" */;
			buildPhases = (
				6CE693A524A5B05500D7A2E2 /* Sources */,
				6CE693A624A5B05500D7A2E2 /* Frameworks */,
				6CE693A724A5B05500D7A2E2 /* Resources */,
			);
			buildRules = (
			);
			dependencies = (
			);
			name = "Crown Fitness";
			productName = "Crown Fitness";
			productReference = 6CE693A924A5B05500D7A2E2 /* Crown Fitness.app */;
			productType = "com.apple.product-type.application";
		};
		6CE693BE24A5B05700D7A2E2 /* Crown FitnessTests */ = {
			isa = PBXNativeTarget;
			buildConfigurationList = 6CE693D624A5B05700D7A2E2 /* Build configuration list for PBXNativeTarget "Crown FitnessTests" */;
			buildPhases = (
				6CE693BB24A5B05700D7A2E2 /* Sources */,
				6CE693BC24A5B05700D7A2E2 /* Frameworks */,
				6CE693BD24A5B05700D7A2E2 /* Resources */,
			);
			buildRules = (
			);
			dependencies = (
				6CE693C124A5B05700D7A2E2 /* PBXTargetDependency */,
			);
			name = "Crown FitnessTests";
			productName = "Crown FitnessTests";
			productReference = 6CE693BF24A5B05700D7A2E2 /* Crown FitnessTests.xctest */;
			productType = "com.apple.product-type.bundle.unit-test";
		};
		6CE693C924A5B05700D7A2E2 /* Crown FitnessUITests */ = {
			isa = PBXNativeTarget;
			buildConfigurationList = 6CE693D924A5B05700D7A2E2 /* Build configuration list for PBXNativeTarget "Crown FitnessUITests" */;
			buildPhases = (
				6CE693C624A5B05700D7A2E2 /* Sources */,
				6CE693C724A5B05700D7A2E2 /* Frameworks */,
				6CE693C824A5B05700D7A2E2 /* Resources */,
			);
			buildRules = (
			);
			dependencies = (
				6CE693CC24A5B05700D7A2E2 /* PBXTargetDependency */,
			);
			name = "Crown FitnessUITests";
			productName = "Crown FitnessUITests";
			productReference = 6CE693CA24A5B05700D7A2E2 /* Crown FitnessUITests.xctest */;
			productType = "com.apple.product-type.bundle.ui-testing";
		};
/* End PBXNativeTarget section */

/* Begin PBXProject section */
		6CE693A124A5B05500D7A2E2 /* Project object */ = {
			isa = PBXProject;
			attributes = {
				LastSwiftUpdateCheck = 1150;
				LastUpgradeCheck = 1150;
				ORGANIZATIONNAME = "Marcus Evans";
				TargetAttributes = {
					6CE693A824A5B05500D7A2E2 = {
						CreatedOnToolsVersion = 11.5;
					};
					6CE693BE24A5B05700D7A2E2 = {
						CreatedOnToolsVersion = 11.5;
						TestTargetID = 6CE693A824A5B05500D7A2E2;
					};
					6CE693C924A5B05700D7A2E2 = {
						CreatedOnToolsVersion = 11.5;
						TestTargetID = 6CE693A824A5B05500D7A2E2;
					};
				};
			};
			buildConfigurationList = 6CE693A424A5B05500D7A2E2 /* Build configuration list for PBXProject "Crown Fitness" */;
			compatibilityVersion = "Xcode 9.3";
			developmentRegion = en;
			hasScannedForEncodings = 0;
			knownRegions = (
				en,
				Base,
			);
			mainGroup = 6CE693A024A5B05500D7A2E2;
			productRefGroup = 6CE693AA24A5B05500D7A2E2 /* Products */;
			projectDirPath = "";
			projectRoot = "";
			targets = (
				6CE693A824A5B05500D7A2E2 /* Crown Fitness */,
				6CE693BE24A5B05700D7A2E2 /* Crown FitnessTests */,
				6CE693C924A5B05700D7A2E2 /* Crown FitnessUITests */,
			);
		};
/* End PBXProject section */

/* Begin PBXResourcesBuildPhase section */
		6CE693A724A5B05500D7A2E2 /* Resources */ = {
			isa = PBXResourcesBuildPhase;
			buildActionMask = 2147483647;
			files = (
				6CE693B924A5B05600D7A2E2 /* LaunchScreen.storyboard in Resources */,
				6CE693B624A5B05600D7A2E2 /* Assets.xcassets in Resources */,
				6CE693B424A5B05500D7A2E2 /* Main.storyboard in Resources */,
			);
			runOnlyForDeploymentPostprocessing = 0;
		};
		6CE693BD24A5B05700D7A2E2 /* Resources */ = {
			isa = PBXResourcesBuildPhase;
			buildActionMask = 2147483647;
			files = (
			);
			runOnlyForDeploymentPostprocessing = 0;
		};
		6CE693C824A5B05700D7A2E2 /* Resources */ = {
			isa = PBXResourcesBuildPhase;
			buildActionMask = 2147483647;
			files = (
			);
			runOnlyForDeploymentPostprocessing = 0;
		};
/* End PBXResourcesBuildPhase section */

/* Begin PBXSourcesBuildPhase section */
		6CE693A524A5B05500D7A2E2 /* Sources */ = {
			isa = PBXSourcesBuildPhase;
			buildActionMask = 2147483647;
			files = (
				6CE693B124A5B05500D7A2E2 /* ViewController.swift in Sources */,
				6CE693AD24A5B05500D7A2E2 /* AppDelegate.swift in Sources */,
				6CE693AF24A5B05500D7A2E2 /* SceneDelegate.swift in Sources */,
			);
			runOnlyForDeploymentPostprocessing = 0;
		};
		6CE693BB24A5B05700D7A2E2 /* Sources */ = {
			isa = PBXSourcesBuildPhase;
			buildActionMask = 2147483647;
			files = (
				6CE693C424A5B05700D7A2E2 /* Crown_FitnessTests.swift in Sources */,
			);
			runOnlyForDeploymentPostprocessing = 0;
		};
		6CE693C624A5B05700D7A2E2 /* Sources */ = {
			isa = PBXSourcesBuildPhase;
			buildActionMask = 2147483647;
			files = (
				6CE693CF24A5B05700D7A2E2 /* Crown_FitnessUITests.swift in Sources */,
			);
			runOnlyForDeploymentPostprocessing = 0;
		};
/* End PBXSourcesBuildPhase section */

/* Begin PBXTargetDependency section */
		6CE693C124A5B05700D7A2E2 /* PBXTargetDependency */ = {
			isa = PBXTargetDependency;
			target = 6CE693A824A5B05500D7A2E2 /* Crown Fitness */;
			targetProxy = 6CE693C024A5B05700D7A2E2 /* PBXContainerItemProxy */;
		};
		6CE693CC24A5B05700D7A2E2 /* PBXTargetDependency */ = {
			isa = PBXTargetDependency;
			target = 6CE693A824A5B05500D7A2E2 /* Crown Fitness */;
			targetProxy = 6CE693CB24A5B05700D7A2E2 /* PBXContainerItemProxy */;
		};
/* End PBXTargetDependency section */

/* Begin PBXVariantGroup section */
		6CE693B224A5B05500D7A2E2 /* Main.storyboard */ = {
			isa = PBXVariantGroup;
			children = (
				6CE693B324A5B05500D7A2E2 /* Base */,
			);
			name = Main.storyboard;
			sourceTree = "<group>";
		};
		6CE693B724A5B05600D7A2E2 /* LaunchScreen.storyboard */ = {
			isa = PBXVariantGroup;
			children = (
				6CE693B824A5B05600D7A2E2 /* Base */,
			);
			name = LaunchScreen.storyboard;
			sourceTree = "<group>";
		};
/* End PBXVariantGroup section */

/* Begin XCBuildConfiguration section */
		6CE693D124A5B05700D7A2E2 /* Debug */ = {
			isa = XCBuildConfiguration;
			buildSettings = {
				ALWAYS_SEARCH_USER_PATHS = NO;
				CLANG_ANALYZER_NONNULL = YES;
				CLANG_ANALYZER_NUMBER_OBJECT_CONVERSION = YES_AGGRESSIVE;
				CLANG_CXX_LANGUAGE_STANDARD = "gnu++14";
				CLANG_CXX_LIBRARY = "libc++";
				CLANG_ENABLE_MODULES = YES;
				CLANG_ENABLE_OBJC_ARC = YES;
				CLANG_ENABLE_OBJC_WEAK = YES;
				CLANG_WARN_BLOCK_CAPTURE_AUTORELEASING = YES;
				CLANG_WARN_BOOL_CONVERSION = YES;
				CLANG_WARN_COMMA = YES;
				CLANG_WARN_CONSTANT_CONVERSION = YES;
				CLANG_WARN_DEPRECATED_OBJC_IMPLEMENTATIONS = YES;
				CLANG_WARN_DIRECT_OBJC_ISA_USAGE = YES_ERROR;
				CLANG_WARN_DOCUMENTATION_COMMENTS = YES;
				CLANG_WARN_EMPTY_BODY = YES;
				CLANG_WARN_ENUM_CONVERSION = YES;
				CLANG_WARN_INFINITE_RECURSION = YES;
				CLANG_WARN_INT_CONVERSION = YES;
				CLANG_WARN_NON_LITERAL_NULL_CONVERSION = YES;
				CLANG_WARN_OBJC_IMPLICIT_RETAIN_SELF = YES;
				CLANG_WARN_OBJC_LITERAL_CONVERSION = YES;
				CLANG_WARN_OBJC_ROOT_CLASS = YES_ERROR;
				CLANG_WARN_RANGE_LOOP_ANALYSIS = YES;
				CLANG_WARN_STRICT_PROTOTYPES = YES;
				CLANG_WARN_SUSPICIOUS_MOVE = YES;
				CLANG_WARN_UNGUARDED_AVAILABILITY = YES_AGGRESSIVE;
				CLANG_WARN_UNREACHABLE_CODE = YES;
				CLANG_WARN__DUPLICATE_METHOD_MATCH = YES;
				COPY_PHASE_STRIP = NO;
				DEBUG_INFORMATION_FORMAT = dwarf;
				ENABLE_STRICT_OBJC_MSGSEND = YES;
				ENABLE_TESTABILITY = YES;
				GCC_C_LANGUAGE_STANDARD = gnu11;
				GCC_DYNAMIC_NO_PIC = NO;
				GCC_NO_COMMON_BLOCKS = YES;
				GCC_OPTIMIZATION_LEVEL = 0;
				GCC_PREPROCESSOR_DEFINITIONS = (
					"DEBUG=1",
					"$(inherited)",
				);
				GCC_WARN_64_TO_32_BIT_CONVERSION = YES;
				GCC_WARN_ABOUT_RETURN_TYPE = YES_ERROR;
				GCC_WARN_UNDECLARED_SELECTOR = YES;
				GCC_WARN_UNINITIALIZED_AUTOS = YES_AGGRESSIVE;
				GCC_WARN_UNUSED_FUNCTION = YES;
				GCC_WARN_UNUSED_VARIABLE = YES;
				IPHONEOS_DEPLOYMENT_TARGET = 13.5;
				MTL_ENABLE_DEBUG_INFO = INCLUDE_SOURCE;
				MTL_FAST_MATH = YES;
				ONLY_ACTIVE_ARCH = YES;
				SDKROOT = iphoneos;
				SWIFT_ACTIVE_COMPILATION_CONDITIONS = DEBUG;
				SWIFT_OPTIMIZATION_LEVEL = "-Onone";
			};
			name = Debug;
		};
		6CE693D224A5B05700D7A2E2 /* Release */ = {
			isa = XCBuildConfiguration;
			buildSettings = {
				ALWAYS_SEARCH_USER_PATHS = NO;
				CLANG_ANALYZER_NONNULL = YES;
				CLANG_ANALYZER_NUMBER_OBJECT_CONVERSION = YES_AGGRESSIVE;
				CLANG_CXX_LANGUAGE_STANDARD = "gnu++14";
				CLANG_CXX_LIBRARY = "libc++";
				CLANG_ENABLE_MODULES = YES;
				CLANG_ENABLE_OBJC_ARC = YES;
				CLANG_ENABLE_OBJC_WEAK = YES;
				CLANG_WARN_BLOCK_CAPTURE_AUTORELEASING = YES;
				CLANG_WARN_BOOL_CONVERSION = YES;
				CLANG_WARN_COMMA = YES;
				CLANG_WARN_CONSTANT_CONVERSION = YES;
				CLANG_WARN_DEPRECATED_OBJC_IMPLEMENTATIONS = YES;
				CLANG_WARN_DIRECT_OBJC_ISA_USAGE = YES_ERROR;
				CLANG_WARN_DOCUMENTATION_COMMENTS = YES;
				CLANG_WARN_EMPTY_BODY = YES;
				CLANG_WARN_ENUM_CONVERSION = YES;
				CLANG_WARN_INFINITE_RECURSION = YES;
				CLANG_WARN_INT_CONVERSION = YES;
				CLANG_WARN_NON_LITERAL_NULL_CONVERSION = YES;
				CLANG_WARN_OBJC_IMPLICIT_RETAIN_SELF = YES;
				CLANG_WARN_OBJC_LITERAL_CONVERSION = YES;
				CLANG_WARN_OBJC_ROOT_CLASS = YES_ERROR;
				CLANG_WARN_RANGE_LOOP_ANALYSIS = YES;
				CLANG_WARN_STRICT_PROTOTYPES = YES;
				CLANG_WARN_SUSPICIOUS_MOVE = YES;
				CLANG_WARN_UNGUARDED_AVAILABILITY = YES_AGGRESSIVE;
				CLANG_WARN_UNREACHABLE_CODE = YES;
				CLANG_WARN__DUPLICATE_METHOD_MATCH = YES;
				COPY_PHASE_STRIP = NO;
				DEBUG_INFORMATION_FORMAT = "dwarf-with-dsym";
				ENABLE_NS_ASSERTIONS = NO;
				ENABLE_STRICT_OBJC_MSGSEND = YES;
				GCC_C_LANGUAGE_STANDARD = gnu11;
				GCC_NO_COMMON_BLOCKS = YES;
				GCC_WARN_64_TO_32_BIT_CONVERSION = YES;
				GCC_WARN_ABOUT_RETURN_TYPE = YES_ERROR;
				GCC_WARN_UNDECLARED_SELECTOR = YES;
				GCC_WARN_UNINITIALIZED_AUTOS = YES_AGGRESSIVE;
				GCC_WARN_UNUSED_FUNCTION = YES;
				GCC_WARN_UNUSED_VARIABLE = YES;
				IPHONEOS_DEPLOYMENT_TARGET = 13.5;
				MTL_ENABLE_DEBUG_INFO = NO;
				MTL_FAST_MATH = YES;
				SDKROOT = iphoneos;
				SWIFT_COMPILATION_MODE = wholemodule;
				SWIFT_OPTIMIZATION_LEVEL = "-O";
				VALIDATE_PRODUCT = YES;
			};
			name = Release;
		};
		6CE693D424A5B05700D7A2E2 /* Debug */ = {
			isa = XCBuildConfiguration;
			buildSettings = {
				ASSETCATALOG_COMPILER_APPICON_NAME = AppIcon;
				CODE_SIGN_STYLE = Automatic;
				DEVELOPMENT_TEAM = 92MRPY5GRP;
				INFOPLIST_FILE = "Crown Fitness/Info.plist";
				LD_RUNPATH_SEARCH_PATHS = (
					"$(inherited)",
					"@executable_path/Frameworks",
				);
				PRODUCT_BUNDLE_IDENTIFIER = "Crown-Fit.Crown-Fitness";
				PRODUCT_NAME = "$(TARGET_NAME)";
				SWIFT_VERSION = 5.0;
				TARGETED_DEVICE_FAMILY = "1,2";
			};
			name = Debug;
		};
		6CE693D524A5B05700D7A2E2 /* Release */ = {
			isa = XCBuildConfiguration;
			buildSettings = {
				ASSETCATALOG_COMPILER_APPICON_NAME = AppIcon;
				CODE_SIGN_STYLE = Automatic;
				DEVELOPMENT_TEAM = 92MRPY5GRP;
				INFOPLIST_FILE = "Crown Fitness/Info.plist";
				LD_RUNPATH_SEARCH_PATHS = (
					"$(inherited)",
					"@executable_path/Frameworks",
				);
				PRODUCT_BUNDLE_IDENTIFIER = "Crown-Fit.Crown-Fitness";
				PRODUCT_NAME = "$(TARGET_NAME)";
				SWIFT_VERSION = 5.0;
				TARGETED_DEVICE_FAMILY = "1,2";
			};
			name = Release;
		};
		6CE693D724A5B05700D7A2E2 /* Debug */ = {
			isa = XCBuildConfiguration;
			buildSettings = {
				ALWAYS_EMBED_SWIFT_STANDARD_LIBRARIES = YES;
				BUNDLE_LOADER = "$(TEST_HOST)";
				CODE_SIGN_STYLE = Automatic;
				DEVELOPMENT_TEAM = 92MRPY5GRP;
				INFOPLIST_FILE = "Crown FitnessTests/Info.plist";
				IPHONEOS_DEPLOYMENT_TARGET = 13.5;
				LD_RUNPATH_SEARCH_PATHS = (
					"$(inherited)",
					"@executable_path/Frameworks",
					"@loader_path/Frameworks",
				);
				PRODUCT_BUNDLE_IDENTIFIER = "Crown-Fit.Crown-FitnessTests";
				PRODUCT_NAME = "$(TARGET_NAME)";
				SWIFT_VERSION = 5.0;
				TARGETED_DEVICE_FAMILY = "1,2";
				TEST_HOST = "$(BUILT_PRODUCTS_DIR)/Crown Fitness.app/Crown Fitness";
			};
			name = Debug;
		};
		6CE693D824A5B05700D7A2E2 /* Release */ = {
			isa = XCBuildConfiguration;
			buildSettings = {
				ALWAYS_EMBED_SWIFT_STANDARD_LIBRARIES = YES;
				BUNDLE_LOADER = "$(TEST_HOST)";
				CODE_SIGN_STYLE = Automatic;
				DEVELOPMENT_TEAM = 92MRPY5GRP;
				INFOPLIST_FILE = "Crown FitnessTests/Info.plist";
				IPHONEOS_DEPLOYMENT_TARGET = 13.5;
				LD_RUNPATH_SEARCH_PATHS = (
					"$(inherited)",
					"@executable_path/Frameworks",
					"@loader_path/Frameworks",
				);
				PRODUCT_BUNDLE_IDENTIFIER = "Crown-Fit.Crown-FitnessTests";
				PRODUCT_NAME = "$(TARGET_NAME)";
				SWIFT_VERSION = 5.0;
				TARGETED_DEVICE_FAMILY = "1,2";
				TEST_HOST = "$(BUILT_PRODUCTS_DIR)/Crown Fitness.app/Crown Fitness";
			};
			name = Release;
		};
		6CE693DA24A5B05700D7A2E2 /* Debug */ = {
			isa = XCBuildConfiguration;
			buildSettings = {
				ALWAYS_EMBED_SWIFT_STANDARD_LIBRARIES = YES;
				CODE_SIGN_STYLE = Automatic;
				DEVELOPMENT_TEAM = 92MRPY5GRP;
				INFOPLIST_FILE = "Crown FitnessUITests/Info.plist";
				LD_RUNPATH_SEARCH_PATHS = (
					"$(inherited)",
					"@executable_path/Frameworks",
					"@loader_path/Frameworks",
				);
				PRODUCT_BUNDLE_IDENTIFIER = "Crown-Fit.Crown-FitnessUITests";
				PRODUCT_NAME = "$(TARGET_NAME)";
				SWIFT_VERSION = 5.0;
				TARGETED_DEVICE_FAMILY = "1,2";
				TEST_TARGET_NAME = "Crown Fitness";
			};
			name = Debug;
		};
		6CE693DB24A5B05700D7A2E2 /* Release */ = {
			isa = XCBuildConfiguration;
			buildSettings = {
				ALWAYS_EMBED_SWIFT_STANDARD_LIBRARIES = YES;
				CODE_SIGN_STYLE = Automatic;
				DEVELOPMENT_TEAM = 92MRPY5GRP;
				INFOPLIST_FILE = "Crown FitnessUITests/Info.plist";
				LD_RUNPATH_SEARCH_PATHS = (
					"$(inherited)",
					"@executable_path/Frameworks",
					"@loader_path/Frameworks",
				);
				PRODUCT_BUNDLE_IDENTIFIER = "Crown-Fit.Crown-FitnessUITests";
				PRODUCT_NAME = "$(TARGET_NAME)";
				SWIFT_VERSION = 5.0;
				TARGETED_DEVICE_FAMILY = "1,2";
				TEST_TARGET_NAME = "Crown Fitness";
			};
			name = Release;
		};
/* End XCBuildConfiguration section */

/* Begin XCConfigurationList section */
		6CE693A424A5B05500D7A2E2 /* Build configuration list for PBXProject "Crown Fitness" */ = {
			isa = XCConfigurationList;
			buildConfigurations = (
				6CE693D124A5B05700D7A2E2 /* Debug */,
				6CE693D224A5B05700D7A2E2 /* Release */,
			);
			defaultConfigurationIsVisible = 0;
			defaultConfigurationName = Release;
		};
		6CE693D324A5B05700D7A2E2 /* Build configuration list for PBXNativeTarget "Crown Fitness" */ = {
			isa = XCConfigurationList;
			buildConfigurations = (
				6CE693D424A5B05700D7A2E2 /* Debug */,
				6CE693D524A5B05700D7A2E2 /* Release */,
			);
			defaultConfigurationIsVisible = 0;
			defaultConfigurationName = Release;
		};
		6CE693D624A5B05700D7A2E2 /* Build configuration list for PBXNativeTarget "Crown FitnessTests" */ = {
			isa = XCConfigurationList;
			buildConfigurations = (
				6CE693D724A5B05700D7A2E2 /* Debug */,
				6CE693D824A5B05700D7A2E2 /* Release */,
			);
			defaultConfigurationIsVisible = 0;
			defaultConfigurationName = Release;
		};
		6CE693D924A5B05700D7A2E2 /* Build configuration list for PBXNativeTarget "Crown FitnessUITests" */ = {
			isa = XCConfigurationList;
			buildConfigurations = (
				6CE693DA24A5B05700D7A2E2 /* Debug */,
				6CE693DB24A5B05700D7A2E2 /* Release */,
			);
			defaultConfigurationIsVisible = 0;
			defaultConfigurationName = Release;
		};
/* End XCConfigurationList section */
	};
	rootObject = 6CE693A124A5B05500D7A2E2 /* Project object */;
}
